# THIS IS AN AUTOGENERATED FILE. DO NOT EDIT THIS FILE DIRECTLY.
# yarn lockfile v1


"moment-timezone@^0.5.41":
  "integrity" "sha512-e0jGNZDOHfBXJGz8vR/sIMXvBIGJJcqFjmlg9lmE+5KX1U7/RZNMswfD8nKnNCnQdKTIj50IaRKwl1fvMLyyRg=="
  "resolved" "https://registry.npmjs.org/moment-timezone/-/moment-timezone-0.5.41.tgz"
  "version" "0.5.41"
  dependencies:
    "moment" "^2.29.4"

"moment@^2.29.4":
  "integrity" "sha512-5LC9SOxjSc2HF6vO2CyuTDNivEdoz2IvyJJGj6X8DJ0eFyfszE0QiEd+iXmBvUP3WHxSjFH/vIsA0EN00cgr8w=="
  "resolved" "https://registry.npmjs.org/moment/-/moment-2.29.4.tgz"
  "version" "2.29.4"

"momentjs@^2.0.0":
  "integrity" "sha512-GYMUxLyCwVhECkJR1/LMHEyb9gWYSPRnXi+elGN0m5bet7ngQOxU4QLWUI/eBzgN4N/T194n6yP7lQiE+Udw9A=="
  "resolved" "https://registry.npmjs.org/momentjs/-/momentjs-2.0.0.tgz"
  "version" "2.0.0"
